// !$*UTF8*$!
{
	archiveVersion = 1;
	classes = {
	};
	objectVersion = 56;
	objects = {

/* Begin PBXBuildFile section */
		A1000010 /* Assets.xcassets in Resources */ = {isa = PBXBuildFile; fileRef = A200000D /* Assets.xcassets */; };
		A1000001 /* AlphonsoCompanionApp.swift in Sources */ = {isa = PBXBuildFile; fileRef = A2000001 /* AlphonsoCompanionApp.swift */; };
		A1000002 /* ContentView.swift in Sources */ = {isa = PBXBuildFile; fileRef = A2000002 /* ContentView.swift */; };
		A1000003 /* WebSocketService.swift in Sources */ = {isa = PBXBuildFile; fileRef = A2000003 /* WebSocketService.swift */; };
		A1000004 /* MDNSService.swift in Sources */ = {isa = PBXBuildFile; fileRef = A2000004 /* MDNSService.swift */; };
		A1000005 /* ConnectionState.swift in Sources */ = {isa = PBXBuildFile; fileRef = A2000005 /* ConnectionState.swift */; };
		A1000006 /* ChatView.swift in Sources */ = {isa = PBXBuildFile; fileRef = A2000006 /* ChatView.swift */; };
		A1000007 /* AgentDockView.swift in Sources */ = {isa = PBXBuildFile; fileRef = A2000007 /* AgentDockView.swift */; };
		A1000008 /* BoardroomView.swift in Sources */ = {isa = PBXBuildFile; fileRef = A2000008 /* BoardroomView.swift */; };
		A1000009 /* PairingView.swift in Sources */ = {isa = PBXBuildFile; fileRef = A2000009 /* PairingView.swift */; };
		A100000A /* SettingsView.swift in Sources */ = {isa = PBXBuildFile; fileRef = A200000A /* SettingsView.swift */; };
		A100000B /* VoiceSession.swift in Sources */ = {isa = PBXBuildFile; fileRef = A200000E /* VoiceSession.swift */; };
		A100000C /* VoiceView.swift in Sources */ = {isa = PBXBuildFile; fileRef = A200000F /* VoiceView.swift */; };
		A100000D /* VoiceAudioService.swift in Sources */ = {isa = PBXBuildFile; fileRef = A2000010 /* VoiceAudioService.swift */; };
		A100000E /* VoiceCloudService.swift in Sources */ = {isa = PBXBuildFile; fileRef = A2000011 /* VoiceCloudService.swift */; };
		A100000F /* OperationsSnapshot.swift in Sources */ = {isa = PBXBuildFile; fileRef = A2000012 /* OperationsSnapshot.swift */; };
		A1000011 /* CompanionDesignSystem.swift in Sources */ = {isa = PBXBuildFile; fileRef = A2000013 /* CompanionDesignSystem.swift */; };
		A1000012 /* OperationsView.swift in Sources */ = {isa = PBXBuildFile; fileRef = A2000014 /* OperationsView.swift */; };
		B1000000 /* CompanionConnectionStateMachine.swift in Sources */ = {isa = PBXBuildFile; fileRef = B2000001 /* CompanionConnectionStateMachine.swift */; };
		B1000001 /* XCTest.framework in Frameworks */ = {isa = PBXBuildFile; fileRef = B2000003 /* XCTest.framework */; };
		B1000002 /* CompanionConnectionStateMachineTests.swift in Sources */ = {isa = PBXBuildFile; fileRef = B2000002 /* CompanionConnectionStateMachineTests.swift */; };
		B1000003 /* VoiceSessionViewModelTests.swift in Sources */ = {isa = PBXBuildFile; fileRef = B2000005 /* VoiceSessionViewModelTests.swift */; };
		B1000004 /* OperationsSnapshotTests.swift in Sources */ = {isa = PBXBuildFile; fileRef = B2000006 /* OperationsSnapshotTests.swift */; };
		C1000001 /* XCTest.framework in Frameworks */ = {isa = PBXBuildFile; fileRef = C2000003 /* XCTest.framework */; };
		C1000002 /* AlphonsoCompanionUITests.swift in Sources */ = {isa = PBXBuildFile; fileRef = C2000001 /* AlphonsoCompanionUITests.swift */; };
/* End PBXBuildFile section */

/* Begin PBXFileReference section */
		A2000001 /* AlphonsoCompanionApp.swift */ = {isa = PBXFileReference; lastKnownFileType = sourcecode.swift; path = AlphonsoCompanionApp.swift; sourceTree = "<group>"; };
		A2000002 /* ContentView.swift */ = {isa = PBXFileReference; lastKnownFileType = sourcecode.swift; path = ContentView.swift; sourceTree = "<group>"; };
		A2000003 /* WebSocketService.swift */ = {isa = PBXFileReference; lastKnownFileType = sourcecode.swift; path = WebSocketService.swift; sourceTree = "<group>"; };
		A2000004 /* MDNSService.swift */ = {isa = PBXFileReference; lastKnownFileType = sourcecode.swift; path = MDNSService.swift; sourceTree = "<group>"; };
		A2000005 /* ConnectionState.swift */ = {isa = PBXFileReference; lastKnownFileType = sourcecode.swift; path = ConnectionState.swift; sourceTree = "<group>"; };
		A2000006 /* ChatView.swift */ = {isa = PBXFileReference; lastKnownFileType = sourcecode.swift; path = ChatView.swift; sourceTree = "<group>"; };
		A2000007 /* AgentDockView.swift */ = {isa = PBXFileReference; lastKnownFileType = sourcecode.swift; path = AgentDockView.swift; sourceTree = "<group>"; };
		A2000008 /* BoardroomView.swift */ = {isa = PBXFileReference; lastKnownFileType = sourcecode.swift; path = BoardroomView.swift; sourceTree = "<group>"; };
		A2000009 /* PairingView.swift */ = {isa = PBXFileReference; lastKnownFileType = sourcecode.swift; path = PairingView.swift; sourceTree = "<group>"; };
		A200000A /* SettingsView.swift */ = {isa = PBXFileReference; lastKnownFileType = sourcecode.swift; path = SettingsView.swift; sourceTree = "<group>"; };
		A200000B /* Info.plist */ = {isa = PBXFileReference; lastKnownFileType = text.plist.xml; path = Info.plist; sourceTree = "<group>"; };
		A200000C /* AlphonsoCompanion.app */ = {isa = PBXFileReference; explicitFileType = wrapper.application; includeInIndex = 0; path = AlphonsoCompanion.app; sourceTree = BUILT_PRODUCTS_DIR; };
		A200000D /* Assets.xcassets */ = {isa = PBXFileReference; lastKnownFileType = folder.assetcatalog; path = Assets.xcassets; sourceTree = "<group>"; };
		A200000E /* VoiceSession.swift */ = {isa = PBXFileReference; lastKnownFileType = sourcecode.swift; path = VoiceSession.swift; sourceTree = "<group>"; };
		A200000F /* VoiceView.swift */ = {isa = PBXFileReference; lastKnownFileType = sourcecode.swift; path = VoiceView.swift; sourceTree = "<group>"; };
		A2000010 /* VoiceAudioService.swift */ = {isa = PBXFileReference; lastKnownFileType = sourcecode.swift; path = VoiceAudioService.swift; sourceTree = "<group>"; };
		A2000011 /* VoiceCloudService.swift */ = {isa = PBXFileReference; lastKnownFileType = sourcecode.swift; path = VoiceCloudService.swift; sourceTree = "<group>"; };
		A2000012 /* OperationsSnapshot.swift */ = {isa = PBXFileReference; lastKnownFileType = sourcecode.swift; path = OperationsSnapshot.swift; sourceTree = "<group>"; };
		A2000013 /* CompanionDesignSystem.swift */ = {isa = PBXFileReference; lastKnownFileType = sourcecode.swift; path = CompanionDesignSystem.swift; sourceTree = "<group>"; };
		A2000014 /* OperationsView.swift */ = {isa = PBXFileReference; lastKnownFileType = sourcecode.swift; path = OperationsView.swift; sourceTree = "<group>"; };
		B2000001 /* CompanionConnectionStateMachine.swift */ = {isa = PBXFileReference; lastKnownFileType = sourcecode.swift; path = CompanionConnectionStateMachine.swift; sourceTree = "<group>"; };
		B2000002 /* CompanionConnectionStateMachineTests.swift */ = {isa = PBXFileReference; lastKnownFileType = sourcecode.swift; path = CompanionConnectionStateMachineTests.swift; sourceTree = "<group>"; };
		B2000005 /* VoiceSessionViewModelTests.swift */ = {isa = PBXFileReference; lastKnownFileType = sourcecode.swift; path = VoiceSessionViewModelTests.swift; sourceTree = "<group>"; };
		B2000006 /* OperationsSnapshotTests.swift */ = {isa = PBXFileReference; lastKnownFileType = sourcecode.swift; path = OperationsSnapshotTests.swift; sourceTree = "<group>"; };
		B2000003 /* XCTest.framework */ = {isa = PBXFileReference; lastKnownFileType = wrapper.framework; name = XCTest.framework; path = System/Library/Frameworks/XCTest.framework; sourceTree = SDKROOT; };
		B2000004 /* AlphonsoCompanionTests.xctest */ = {isa = PBXFileReference; explicitFileType = wrapper.cfbundle; includeInIndex = 0; path = AlphonsoCompanionTests.xctest; sourceTree = BUILT_PRODUCTS_DIR; };
		C2000001 /* AlphonsoCompanionUITests.swift */ = {isa = PBXFileReference; lastKnownFileType = sourcecode.swift; path = AlphonsoCompanionUITests.swift; sourceTree = "<group>"; };
		C2000003 /* XCTest.framework */ = {isa = PBXFileReference; lastKnownFileType = wrapper.framework; name = XCTest.framework; path = System/Library/Frameworks/XCTest.framework; sourceTree = SDKROOT; };
		C2000004 /* AlphonsoCompanionUITests.xctest */ = {isa = PBXFileReference; explicitFileType = wrapper.cfbundle; includeInIndex = 0; path = AlphonsoCompanionUITests.xctest; sourceTree = BUILT_PRODUCTS_DIR; };
/* End PBXFileReference section */

/* Begin PBXFrameworksBuildPhase section */
		A3000001 /* Frameworks */ = {
			isa = PBXFrameworksBuildPhase;
			buildActionMask = 2147483647;
			files = (
			);
			runOnlyForDeploymentPostprocessing = 0;
		};
		B3000001 /* Frameworks */ = {
			isa = PBXFrameworksBuildPhase;
			buildActionMask = 2147483647;
			files = (
				B1000001 /* XCTest.framework in Frameworks */,
			);
			runOnlyForDeploymentPostprocessing = 0;
		};
		C3000001 /* Frameworks */ = {
			isa = PBXFrameworksBuildPhase;
			buildActionMask = 2147483647;
			files = (
				C1000001 /* XCTest.framework in Frameworks */,
			);
			runOnlyForDeploymentPostprocessing = 0;
		};
/* End PBXFrameworksBuildPhase section */

/* Begin PBXGroup section */
		A4000001 = {
			isa = PBXGroup;
			children = (
				A4000002 /* AlphonsoCompanion */,
				A4000007 /* AlphonsoCompanionTests */,
				C4000001 /* AlphonsoCompanionUITests */,
				A4000005 /* Products */,
			);
			sourceTree = "<group>";
		};
		A4000002 /* AlphonsoCompanion */ = {
			isa = PBXGroup;
			children = (
				A2000001 /* AlphonsoCompanionApp.swift */,
				A2000002 /* ContentView.swift */,
				A4000003 /* Models */,
				A4000004 /* Services */,
				A4000006 /* Views */,
				A200000D /* Assets.xcassets */,
				A200000B /* Info.plist */,
			);
			path = AlphonsoCompanion;
			sourceTree = "<group>";
		};
		A4000003 /* Models */ = {
			isa = PBXGroup;
			children = (
				A2000005 /* ConnectionState.swift */,
				A200000E /* VoiceSession.swift */,
				A2000012 /* OperationsSnapshot.swift */,
			);
			path = Models;
			sourceTree = "<group>";
		};
		A4000004 /* Services */ = {
			isa = PBXGroup;
			children = (
				A2000003 /* WebSocketService.swift */,
				A2000010 /* VoiceAudioService.swift */,
				A2000011 /* VoiceCloudService.swift */,
				B2000001 /* CompanionConnectionStateMachine.swift */,
				A2000004 /* MDNSService.swift */,
			);
			path = Services;
			sourceTree = "<group>";
		};
		A4000005 /* Products */ = {
			isa = PBXGroup;
			children = (
				A200000C /* AlphonsoCompanion.app */,
				B2000004 /* AlphonsoCompanionTests.xctest */,
				C2000004 /* AlphonsoCompanionUITests.xctest */,
			);
			name = Products;
			sourceTree = "<group>";
		};
		A4000006 /* Views */ = {
			isa = PBXGroup;
			children = (
				A2000006 /* ChatView.swift */,
				A2000013 /* CompanionDesignSystem.swift */,
				A2000014 /* OperationsView.swift */,
				A200000F /* VoiceView.swift */,
				A2000007 /* AgentDockView.swift */,
				A2000008 /* BoardroomView.swift */,
				A2000009 /* PairingView.swift */,
				A200000A /* SettingsView.swift */,
			);
			path = Views;
			sourceTree = "<group>";
		};
		A4000007 /* AlphonsoCompanionTests */ = {
			isa = PBXGroup;
			children = (
				B2000002 /* CompanionConnectionStateMachineTests.swift */,
				B2000005 /* VoiceSessionViewModelTests.swift */,
				B2000006 /* OperationsSnapshotTests.swift */,
			);
			path = AlphonsoCompanionTests;
			sourceTree = "<group>";
		};
		C4000001 /* AlphonsoCompanionUITests */ = {
			isa = PBXGroup;
			children = (
				C2000001 /* AlphonsoCompanionUITests.swift */,
			);
			path = AlphonsoCompanionUITests;
			sourceTree = "<group>";
		};
/* End PBXGroup section */

/* Begin PBXNativeTarget section */
		A5000001 /* AlphonsoCompanion */ = {
			isa = PBXNativeTarget;
			buildConfigurationList = A7000003 /* Build configuration list for PBXNativeTarget "AlphonsoCompanion" */;
			buildPhases = (
				A6000001 /* Sources */,
				A3000001 /* Frameworks */,
				A6000002 /* Resources */,
			);
			buildRules = (
			);
			dependencies = (
			);
			name = AlphonsoCompanion;
			productName = AlphonsoCompanion;
			productReference = A200000C /* AlphonsoCompanion.app */;
			productType = "com.apple.product-type.application";
		};
		B5000001 /* AlphonsoCompanionTests */ = {
			isa = PBXNativeTarget;
			buildConfigurationList = B7000003 /* Build configuration list for PBXNativeTarget "AlphonsoCompanionTests" */;
			buildPhases = (
				B6000001 /* Sources */,
				B3000001 /* Frameworks */,
				B6000002 /* Resources */,
			);
			buildRules = (
			);
			dependencies = (
			);
			name = AlphonsoCompanionTests;
			productName = AlphonsoCompanionTests;
			productReference = B2000004 /* AlphonsoCompanionTests.xctest */;
			productType = "com.apple.product-type.bundle.unit-test";
		};
		C5000001 /* AlphonsoCompanionUITests */ = {
			isa = PBXNativeTarget;
			buildConfigurationList = C7000003 /* Build configuration list for PBXNativeTarget "AlphonsoCompanionUITests" */;
			buildPhases = (
				C6000001 /* Sources */,
				C3000001 /* Frameworks */,
				C6000002 /* Resources */,
			);
			buildRules = (
			);
			dependencies = (
			);
			name = AlphonsoCompanionUITests;
			productName = AlphonsoCompanionUITests;
			productReference = C2000004 /* AlphonsoCompanionUITests.xctest */;
			productType = "com.apple.product-type.bundle.ui-testing";
		};
/* End PBXNativeTarget section */

/* Begin PBXProject section */
		A8000001 /* Project object */ = {
			isa = PBXProject;
			attributes = {
				BuildIndependentTargetsInParallel = 1;
				LastSwiftUpdateCheck = 1500;
				LastUpgradeCheck = 1500;
				TargetAttributes = {
					A5000001 = {
						CreatedOnToolsVersion = 15.0;
					};
					C5000001 = {
						TestTargetID = A5000001;
					};
				};
			};
			buildConfigurationList = A7000001 /* Build configuration list for PBXProject "AlphonsoCompanion" */;
			compatibilityVersion = "Xcode 14.0";
			developmentRegion = en;
			hasScannedForEncodings = 0;
			knownRegions = (
				en,
				Base,
			);
			mainGroup = A4000001;
			productRefGroup = A4000005 /* Products */;
			projectDirPath = "";
			projectRoot = "";
			targets = (
				A5000001 /* AlphonsoCompanion */,
				B5000001 /* AlphonsoCompanionTests */,
				C5000001 /* AlphonsoCompanionUITests */,
			);
		};
/* End PBXProject section */

/* Begin PBXResourcesBuildPhase section */
		A6000002 /* Resources */ = {
			isa = PBXResourcesBuildPhase;
			buildActionMask = 2147483647;
			files = (
				A1000010 /* Assets.xcassets in Resources */,
			);
			runOnlyForDeploymentPostprocessing = 0;
		};
/* End PBXResourcesBuildPhase section */

/* Begin PBXSourcesBuildPhase section */
		A6000001 /* Sources */ = {
			isa = PBXSourcesBuildPhase;
			buildActionMask = 2147483647;
			files = (
				A1000001 /* AlphonsoCompanionApp.swift in Sources */,
				A1000002 /* ContentView.swift in Sources */,
				A1000003 /* WebSocketService.swift in Sources */,
				A1000004 /* MDNSService.swift in Sources */,
				A1000005 /* ConnectionState.swift in Sources */,
				A1000006 /* ChatView.swift in Sources */,
				A1000007 /* AgentDockView.swift in Sources */,
				A1000008 /* BoardroomView.swift in Sources */,
				A1000009 /* PairingView.swift in Sources */,
				A100000A /* SettingsView.swift in Sources */,
				A100000B /* VoiceSession.swift in Sources */,
				A100000C /* VoiceView.swift in Sources */,
				A100000D /* VoiceAudioService.swift in Sources */,
				A100000E /* VoiceCloudService.swift in Sources */,
				A100000F /* OperationsSnapshot.swift in Sources */,
				A1000011 /* CompanionDesignSystem.swift in Sources */,
				A1000012 /* OperationsView.swift in Sources */,
				B1000000 /* CompanionConnectionStateMachine.swift in Sources */,
			);
			runOnlyForDeploymentPostprocessing = 0;
		};
		B6000001 /* Sources */ = {
			isa = PBXSourcesBuildPhase;
			buildActionMask = 2147483647;
			files = (
				B1000002 /* CompanionConnectionStateMachineTests.swift in Sources */,
				B1000003 /* VoiceSessionViewModelTests.swift in Sources */,
				B1000004 /* OperationsSnapshotTests.swift in Sources */,
			);
			runOnlyForDeploymentPostprocessing = 0;
		};
		B6000002 /* Resources */ = {
			isa = PBXResourcesBuildPhase;
			buildActionMask = 2147483647;
			files = (
			);
			runOnlyForDeploymentPostprocessing = 0;
		};
		C6000001 /* Sources */ = {
			isa = PBXSourcesBuildPhase;
			buildActionMask = 2147483647;
			files = (
				C1000002 /* AlphonsoCompanionUITests.swift in Sources */,
			);
			runOnlyForDeploymentPostprocessing = 0;
		};
		C6000002 /* Resources */ = {
			isa = PBXResourcesBuildPhase;
			buildActionMask = 2147483647;
			files = (
			);
			runOnlyForDeploymentPostprocessing = 0;
		};
/* End PBXSourcesBuildPhase section */

/* Begin XCBuildConfiguration section */
		A9000001 /* Debug */ = {
			isa = XCBuildConfiguration;
			buildSettings = {
				ALWAYS_SEARCH_USER_PATHS = NO;
				ASSETCATALOG_COMPILER_GENERATE_SWIFT_ASSET_SYMBOL_EXTENSIONS = YES;
				CLANG_ANALYZER_NONNULL = YES;
				CLANG_CXX_LANGUAGE_STANDARD = "gnu++20";
				CLANG_ENABLE_MODULES = YES;
				CLANG_ENABLE_OBJC_ARC = YES;
				COPY_PHASE_STRIP = NO;
				DEBUG_INFORMATION_FORMAT = dwarf;
				ENABLE_STRICT_OBJC_MSGSEND = YES;
				ENABLE_TESTABILITY = YES;
				GCC_DYNAMIC_NO_PIC = NO;
				GCC_OPTIMIZATION_LEVEL = 0;
				GCC_PREPROCESSOR_DEFINITIONS = (
					"DEBUG=1",
					"$(inherited)",
				);
				GCC_WARN_ABOUT_RETURN_TYPE = YES_ERROR;
				GCC_WARN_UNINITIALIZED_AUTOS = YES_AGGRESSIVE;
				IPHONEOS_DEPLOYMENT_TARGET = 17.0;
				MTL_ENABLE_DEBUG_INFO = INCLUDE_SOURCE;
				MTL_FAST_MATH = YES;
				ONLY_ACTIVE_ARCH = YES;
				SDKROOT = iphoneos;
				SWIFT_ACTIVE_COMPILATION_CONDITIONS = DEBUG;
				SWIFT_OPTIMIZATION_LEVEL = "-Onone";
			};
			name = Debug;
		};
		A9000002 /* Release */ = {
			isa = XCBuildConfiguration;
			buildSettings = {
				ALWAYS_SEARCH_USER_PATHS = NO;
				ASSETCATALOG_COMPILER_GENERATE_SWIFT_ASSET_SYMBOL_EXTENSIONS = YES;
				CLANG_ANALYZER_NONNULL = YES;
				CLANG_CXX_LANGUAGE_STANDARD = "gnu++20";
				CLANG_ENABLE_MODULES = YES;
				CLANG_ENABLE_OBJC_ARC = YES;
				COPY_PHASE_STRIP = NO;
				DEBUG_INFORMATION_FORMAT = "dwarf-with-dsym";
				ENABLE_NS_ASSERTIONS = NO;
				ENABLE_STRICT_OBJC_MSGSEND = YES;
				GCC_WARN_ABOUT_RETURN_TYPE = YES_ERROR;
				GCC_WARN_UNINITIALIZED_AUTOS = YES_AGGRESSIVE;
				IPHONEOS_DEPLOYMENT_TARGET = 17.0;
				MTL_FAST_MATH = YES;
				SDKROOT = iphoneos;
				SWIFT_COMPILATION_MODE = wholemodule;
				SWIFT_OPTIMIZATION_LEVEL = "-O";
				VALIDATE_PRODUCT = YES;
			};
			name = Release;
		};
		A9000003 /* Debug */ = {
			isa = XCBuildConfiguration;
			buildSettings = {
				ASSETCATALOG_COMPILER_APPICON_NAME = AppIcon;
				CODE_SIGN_STYLE = Automatic;
				CURRENT_PROJECT_VERSION = 1;
				GENERATE_INFOPLIST_FILE = NO;
				INFOPLIST_FILE = AlphonsoCompanion/Info.plist;
				INFOPLIST_KEY_CFBundleDisplayName = "Alphonso";
				INFOPLIST_KEY_UIApplicationSceneManifest_Generation = YES;
				INFOPLIST_KEY_UIApplicationSupportsIndirectInputEvents = YES;
				INFOPLIST_KEY_UILaunchScreen_Generation = YES;
				INFOPLIST_KEY_UISupportedInterfaceOrientations_iPad = "UIInterfaceOrientationPortrait UIInterfaceOrientationPortraitUpsideDown UIInterfaceOrientationLandscapeLeft UIInterfaceOrientationLandscapeRight";
				LD_RUNPATH_SEARCH_PATHS = (
					"$(inherited)",
					"@executable_path/Frameworks",
				);
				MARKETING_VERSION = 2.6.0;
				PRODUCT_BUNDLE_IDENTIFIER = com.alphonso.companion;
				PRODUCT_NAME = "$(TARGET_NAME)";
				SWIFT_EMIT_LOC_STRINGS = YES;
				SWIFT_VERSION = 5.0;
				TARGETED_DEVICE_FAMILY = "1,2";
			};
			name = Debug;
		};
		A9000004 /* Release */ = {
			isa = XCBuildConfiguration;
			buildSettings = {
				ASSETCATALOG_COMPILER_APPICON_NAME = AppIcon;
				CODE_SIGN_IDENTITY = "iPhone Distribution";
				CODE_SIGN_STYLE = Manual;
				CURRENT_PROJECT_VERSION = 1;
				DEVELOPMENT_TEAM = 9Y6GYPM3K5;
				GENERATE_INFOPLIST_FILE = NO;
				INFOPLIST_FILE = AlphonsoCompanion/Info.plist;
				INFOPLIST_KEY_CFBundleDisplayName = "Alphonso";
				INFOPLIST_KEY_UIApplicationSceneManifest_Generation = YES;
				INFOPLIST_KEY_UIApplicationSupportsIndirectInputEvents = YES;
				INFOPLIST_KEY_UILaunchScreen_Generation = YES;
				INFOPLIST_KEY_UISupportedInterfaceOrientations_iPad = "UIInterfaceOrientationPortrait UIInterfaceOrientationPortraitUpsideDown UIInterfaceOrientationLandscapeLeft UIInterfaceOrientationLandscapeRight";
				LD_RUNPATH_SEARCH_PATHS = (
					"$(inherited)",
					"@executable_path/Frameworks",
				);
				MARKETING_VERSION = 2.6.0;
				PRODUCT_BUNDLE_IDENTIFIER = com.alphonso.companion;
				PRODUCT_NAME = "$(TARGET_NAME)";
				PROVISIONING_PROFILE_SPECIFIER = "Alphonso_iOS";
				SWIFT_EMIT_LOC_STRINGS = YES;
				SWIFT_VERSION = 5.0;
				TARGETED_DEVICE_FAMILY = "1,2";
			};
			name = Release;
		};
		B9000001 /* Debug */ = {
			isa = XCBuildConfiguration;
			buildSettings = {
				BUNDLE_LOADER = "$(TEST_HOST)";
				GENERATE_INFOPLIST_FILE = YES;
				IPHONEOS_DEPLOYMENT_TARGET = 17.0;
				PRODUCT_BUNDLE_IDENTIFIER = com.alphonso.companionTests;
				PRODUCT_NAME = "$(TARGET_NAME)";
				SKIP_INSTALL = YES;
				TEST_HOST = "$(BUILT_PRODUCTS_DIR)/AlphonsoCompanion.app/AlphonsoCompanion";
				SWIFT_VERSION = 5.0;
				TARGETED_DEVICE_FAMILY = "1,2";
			};
			name = Debug;
		};
		B9000002 /* Release */ = {
			isa = XCBuildConfiguration;
			buildSettings = {
				BUNDLE_LOADER = "$(TEST_HOST)";
				GENERATE_INFOPLIST_FILE = YES;
				IPHONEOS_DEPLOYMENT_TARGET = 17.0;
				PRODUCT_BUNDLE_IDENTIFIER = com.alphonso.companionTests;
				PRODUCT_NAME = "$(TARGET_NAME)";
				SKIP_INSTALL = YES;
				TEST_HOST = "$(BUILT_PRODUCTS_DIR)/AlphonsoCompanion.app/AlphonsoCompanion";
				SWIFT_VERSION = 5.0;
				TARGETED_DEVICE_FAMILY = "1,2";
			};
			name = Release;
		};
		C9000001 /* Debug */ = {
			isa = XCBuildConfiguration;
			buildSettings = {
				GENERATE_INFOPLIST_FILE = YES;
				IPHONEOS_DEPLOYMENT_TARGET = 17.0;
				PRODUCT_BUNDLE_IDENTIFIER = com.alphonso.companionUITests;
				PRODUCT_NAME = "$(TARGET_NAME)";
				SKIP_INSTALL = YES;
				TEST_TARGET_NAME = AlphonsoCompanion;
				SWIFT_VERSION = 5.0;
				TARGETED_DEVICE_FAMILY = "1,2";
			};
			name = Debug;
		};
		C9000002 /* Release */ = {
			isa = XCBuildConfiguration;
			buildSettings = {
				GENERATE_INFOPLIST_FILE = YES;
				IPHONEOS_DEPLOYMENT_TARGET = 17.0;
				PRODUCT_BUNDLE_IDENTIFIER = com.alphonso.companionUITests;
				PRODUCT_NAME = "$(TARGET_NAME)";
				SKIP_INSTALL = YES;
				TEST_TARGET_NAME = AlphonsoCompanion;
				SWIFT_VERSION = 5.0;
				TARGETED_DEVICE_FAMILY = "1,2";
			};
			name = Release;
		};
/* End XCBuildConfiguration section */

/* Begin XCConfigurationList section */
		A7000001 /* Build configuration list for PBXProject "AlphonsoCompanion" */ = {
			isa = XCConfigurationList;
			buildConfigurations = (
				A9000001 /* Debug */,
				A9000002 /* Release */,
			);
			defaultConfigurationIsVisible = 0;
			defaultConfigurationName = Release;
		};
		A7000003 /* Build configuration list for PBXNativeTarget "AlphonsoCompanion" */ = {
			isa = XCConfigurationList;
			buildConfigurations = (
				A9000003 /* Debug */,
				A9000004 /* Release */,
			);
			defaultConfigurationIsVisible = 0;
			defaultConfigurationName = Release;
		};
		B7000003 /* Build configuration list for PBXNativeTarget "AlphonsoCompanionTests" */ = {
			isa = XCConfigurationList;
			buildConfigurations = (
				B9000001 /* Debug */,
				B9000002 /* Release */,
			);
			defaultConfigurationIsVisible = 0;
			defaultConfigurationName = Release;
		};
		C7000003 /* Build configuration list for PBXNativeTarget "AlphonsoCompanionUITests" */ = {
			isa = XCConfigurationList;
			buildConfigurations = (
				C9000001 /* Debug */,
				C9000002 /* Release */,
			);
			defaultConfigurationIsVisible = 0;
			defaultConfigurationName = Release;
		};
/* End XCConfigurationList section */

	};
	rootObject = A8000001 /* Project object */;
}
